
Microsoft Visual Studio Solution File, Format Version 12.00
# Visual Studio Version 17
Project("{8BC9CEB8-8B4A-11D0-8D11-00A0C91BC942}") = "ALL_BUILD", "ALL_BUILD.vcxproj", "{A7C3BAED-D1CF-3212-8DE1-5BF85D007201}"
	ProjectSection(ProjectDependencies) = postProject
		{54DE6DE0-A6AD-3283-97CC-1D1D1CF58D60} = {54DE6DE0-A6AD-3283-97CC-1D1D1CF58D60}
		{0E50A023-7749-3113-9316-3CD100264697} = {0E50A023-7749-3113-9316-3CD100264697}
		{001A0056-18F7-3247-BC74-81C7CD35D347} = {001A0056-18F7-3247-BC74-81C7CD35D347}
		{A134B834-1D5A-395E-AC41-C2404129D996} = {A134B834-1D5A-395E-AC41-C2404129D996}
		{C72B4B68-67AD-3D77-8806-888074BC105F} = {C72B4B68-67AD-3D77-8806-888074BC105F}
		{761100D4-1CBA-3380-B691-175F4EDBF442} = {761100D4-1CBA-3380-B691-175F4EDBF442}
		{0CBF9662-A418-31CC-B854-C10EBACEE73E} = {0CBF9662-A418-31CC-B854-C10EBACEE73E}
		{CCBD1F35-43AD-35B1-909F-32908AE09760} = {CCBD1F35-43AD-35B1-909F-32908AE09760}
		{978AD475-0308-3DD3-BCCD-5BAF73CC53EE} = {978AD475-0308-3DD3-BCCD-5BAF73CC53EE}
		{C0E78B0A-6F8A-35A8-A8A6-5FC36EE0DF31} = {C0E78B0A-6F8A-35A8-A8A6-5FC36EE0DF31}
		{3AD879B5-25B0-3AA1-858C-D728494F8FE3} = {3AD879B5-25B0-3AA1-858C-D728494F8FE3}
	EndProjectSection
EndProject
Project("{8BC9CEB8-8B4A-11D0-8D11-00A0C91BC942}") = "ZERO_CHECK", "ZERO_CHECK.vcxproj", "{54DE6DE0-A6AD-3283-97CC-1D1D1CF58D60}"
	ProjectSection(ProjectDependencies) = postProject
	EndProjectSection
EndProject
Project("{8BC9CEB8-8B4A-11D0-8D11-00A0C91BC942}") = "core_engine", "core_engine.vcxproj", "{0E50A023-7749-3113-9316-3CD100264697}"
	ProjectSection(ProjectDependencies) = postProject
		{54DE6DE0-A6AD-3283-97CC-1D1D1CF58D60} = {54DE6DE0-A6AD-3283-97CC-1D1D1CF58D60}
	EndProjectSection
EndProject
Project("{8BC9CEB8-8B4A-11D0-8D11-00A0C91BC942}") = "final_wav_player", "final_wav_player.vcxproj", "{001A0056-18F7-3247-BC74-81C7CD35D347}"
	ProjectSection(ProjectDependencies) = postProject
		{54DE6DE0-A6AD-3283-97CC-1D1D1CF58D60} = {54DE6DE0-A6AD-3283-97CC-1D1D1CF58D60}
	EndProjectSection
EndProject
Project("{8BC9CEB8-8B4A-11D0-8D11-00A0C91BC942}") = "music-player", "music-player.vcxproj", "{A134B834-1D5A-395E-AC41-C2404129D996}"
	ProjectSection(ProjectDependencies) = postProject
		{54DE6DE0-A6AD-3283-97CC-1D1D1CF58D60} = {54DE6DE0-A6AD-3283-97CC-1D1D1CF58D60}
		{0E50A023-7749-3113-9316-3CD100264697} = {0E50A023-7749-3113-9316-3CD100264697}
		{C72B4B68-67AD-3D77-8806-888074BC105F} = {C72B4B68-67AD-3D77-8806-888074BC105F}
		{978AD475-0308-3DD3-BCCD-5BAF73CC53EE} = {978AD475-0308-3DD3-BCCD-5BAF73CC53EE}
	EndProjectSection
EndProject
Project("{8BC9CEB8-8B4A-11D0-8D11-00A0C91BC942}") = "platform_abstraction", "platform_abstraction.vcxproj", "{C72B4B68-67AD-3D77-8806-888074BC105F}"
	ProjectSection(ProjectDependencies) = postProject
		{54DE6DE0-A6AD-3283-97CC-1D1D1CF58D60} = {54DE6DE0-A6AD-3283-97CC-1D1D1CF58D60}
	EndProjectSection
EndProject
Project("{8BC9CEB8-8B4A-11D0-8D11-00A0C91BC942}") = "plugin_flac_decoder", "plugin_flac_decoder.vcxproj", "{761100D4-1CBA-3380-B691-175F4EDBF442}"
	ProjectSection(ProjectDependencies) = postProject
		{54DE6DE0-A6AD-3283-97CC-1D1D1CF58D60} = {54DE6DE0-A6AD-3283-97CC-1D1D1CF58D60}
	EndProjectSection
EndProject
Project("{8BC9CEB8-8B4A-11D0-8D11-00A0C91BC942}") = "plugin_mp3_decoder", "plugin_mp3_decoder.vcxproj", "{0CBF9662-A418-31CC-B854-C10EBACEE73E}"
	ProjectSection(ProjectDependencies) = postProject
		{54DE6DE0-A6AD-3283-97CC-1D1D1CF58D60} = {54DE6DE0-A6AD-3283-97CC-1D1D1CF58D60}
	EndProjectSection
EndProject
Project("{8BC9CEB8-8B4A-11D0-8D11-00A0C91BC942}") = "plugin_wav_decoder", "plugin_wav_decoder.vcxproj", "{CCBD1F35-43AD-35B1-909F-32908AE09760}"
	ProjectSection(ProjectDependencies) = postProject
		{54DE6DE0-A6AD-3283-97CC-1D1D1CF58D60} = {54DE6DE0-A6AD-3283-97CC-1D1D1CF58D60}
	EndProjectSection
EndProject
Project("{8BC9CEB8-8B4A-11D0-8D11-00A0C91BC942}") = "sdk_impl", "sdk_impl.vcxproj", "{978AD475-0308-3DD3-BCCD-5BAF73CC53EE}"
	ProjectSection(ProjectDependencies) = postProject
		{54DE6DE0-A6AD-3283-97CC-1D1D1CF58D60} = {54DE6DE0-A6AD-3283-97CC-1D1D1CF58D60}
	EndProjectSection
EndProject
Project("{8BC9CEB8-8B4A-11D0-8D11-00A0C91BC942}") = "test_audio_direct", "test_audio_direct.vcxproj", "{C0E78B0A-6F8A-35A8-A8A6-5FC36EE0DF31}"
	ProjectSection(ProjectDependencies) = postProject
		{54DE6DE0-A6AD-3283-97CC-1D1D1CF58D60} = {54DE6DE0-A6AD-3283-97CC-1D1D1CF58D60}
		{C72B4B68-67AD-3D77-8806-888074BC105F} = {C72B4B68-67AD-3D77-8806-888074BC105F}
	EndProjectSection
EndProject
Project("{8BC9CEB8-8B4A-11D0-8D11-00A0C91BC942}") = "test_cross_platform", "test_cross_platform.vcxproj", "{3AD879B5-25B0-3AA1-858C-D728494F8FE3}"
	ProjectSection(ProjectDependencies) = postProject
		{54DE6DE0-A6AD-3283-97CC-1D1D1CF58D60} = {54DE6DE0-A6AD-3283-97CC-1D1D1CF58D60}
	EndProjectSection
EndProject
Global
	GlobalSection(SolutionConfigurationPlatforms) = preSolution
		Debug|x64 = Debug|x64
		Release|x64 = Release|x64
		MinSizeRel|x64 = MinSizeRel|x64
		RelWithDebInfo|x64 = RelWithDebInfo|x64
	EndGlobalSection
	GlobalSection(ProjectConfigurationPlatforms) = postSolution
		{A7C3BAED-D1CF-3212-8DE1-5BF85D007201}.Debug|x64.ActiveCfg = Debug|x64
		{A7C3BAED-D1CF-3212-8DE1-5BF85D007201}.Release|x64.ActiveCfg = Release|x64
		{A7C3BAED-D1CF-3212-8DE1-5BF85D007201}.MinSizeRel|x64.ActiveCfg = MinSizeRel|x64
		{A7C3BAED-D1CF-3212-8DE1-5BF85D007201}.RelWithDebInfo|x64.ActiveCfg = RelWithDebInfo|x64
		{54DE6DE0-A6AD-3283-97CC-1D1D1CF58D60}.Debug|x64.ActiveCfg = Debug|x64
		{54DE6DE0-A6AD-3283-97CC-1D1D1CF58D60}.Debug|x64.Build.0 = Debug|x64
		{54DE6DE0-A6AD-3283-97CC-1D1D1CF58D60}.Release|x64.ActiveCfg = Release|x64
		{54DE6DE0-A6AD-3283-97CC-1D1D1CF58D60}.Release|x64.Build.0 = Release|x64
		{54DE6DE0-A6AD-3283-97CC-1D1D1CF58D60}.MinSizeRel|x64.ActiveCfg = MinSizeRel|x64
		{54DE6DE0-A6AD-3283-97CC-1D1D1CF58D60}.MinSizeRel|x64.Build.0 = MinSizeRel|x64
		{54DE6DE0-A6AD-3283-97CC-1D1D1CF58D60}.RelWithDebInfo|x64.ActiveCfg = RelWithDebInfo|x64
		{54DE6DE0-A6AD-3283-97CC-1D1D1CF58D60}.RelWithDebInfo|x64.Build.0 = RelWithDebInfo|x64
		{0E50A023-7749-3113-9316-3CD100264697}.Debug|x64.ActiveCfg = Debug|x64
		{0E50A023-7749-3113-9316-3CD100264697}.Debug|x64.Build.0 = Debug|x64
		{0E50A023-7749-3113-9316-3CD100264697}.Release|x64.ActiveCfg = Release|x64
		{0E50A023-7749-3113-9316-3CD100264697}.Release|x64.Build.0 = Release|x64
		{0E50A023-7749-3113-9316-3CD100264697}.MinSizeRel|x64.ActiveCfg = MinSizeRel|x64
		{0E50A023-7749-3113-9316-3CD100264697}.MinSizeRel|x64.Build.0 = MinSizeRel|x64
		{0E50A023-7749-3113-9316-3CD100264697}.RelWithDebInfo|x64.ActiveCfg = RelWithDebInfo|x64
		{0E50A023-7749-3113-9316-3CD100264697}.RelWithDebInfo|x64.Build.0 = RelWithDebInfo|x64
		{001A0056-18F7-3247-BC74-81C7CD35D347}.Debug|x64.ActiveCfg = Debug|x64
		{001A0056-18F7-3247-BC74-81C7CD35D347}.Debug|x64.Build.0 = Debug|x64
		{001A0056-18F7-3247-BC74-81C7CD35D347}.Release|x64.ActiveCfg = Release|x64
		{001A0056-18F7-3247-BC74-81C7CD35D347}.Release|x64.Build.0 = Release|x64
		{001A0056-18F7-3247-BC74-81C7CD35D347}.MinSizeRel|x64.ActiveCfg = MinSizeRel|x64
		{001A0056-18F7-3247-BC74-81C7CD35D347}.MinSizeRel|x64.Build.0 = MinSizeRel|x64
		{001A0056-18F7-3247-BC74-81C7CD35D347}.RelWithDebInfo|x64.ActiveCfg = RelWithDebInfo|x64
		{001A0056-18F7-3247-BC74-81C7CD35D347}.RelWithDebInfo|x64.Build.0 = RelWithDebInfo|x64
		{A134B834-1D5A-395E-AC41-C2404129D996}.Debug|x64.ActiveCfg = Debug|x64
		{A134B834-1D5A-395E-AC41-C2404129D996}.Debug|x64.Build.0 = Debug|x64
		{A134B834-1D5A-395E-AC41-C2404129D996}.Release|x64.ActiveCfg = Release|x64
		{A134B834-1D5A-395E-AC41-C2404129D996}.Release|x64.Build.0 = Release|x64
		{A134B834-1D5A-395E-AC41-C2404129D996}.MinSizeRel|x64.ActiveCfg = MinSizeRel|x64
		{A134B834-1D5A-395E-AC41-C2404129D996}.MinSizeRel|x64.Build.0 = MinSizeRel|x64
		{A134B834-1D5A-395E-AC41-C2404129D996}.RelWithDebInfo|x64.ActiveCfg = RelWithDebInfo|x64
		{A134B834-1D5A-395E-AC41-C2404129D996}.RelWithDebInfo|x64.Build.0 = RelWithDebInfo|x64
		{C72B4B68-67AD-3D77-8806-888074BC105F}.Debug|x64.ActiveCfg = Debug|x64
		{C72B4B68-67AD-3D77-8806-888074BC105F}.Debug|x64.Build.0 = Debug|x64
		{C72B4B68-67AD-3D77-8806-888074BC105F}.Release|x64.ActiveCfg = Release|x64
		{C72B4B68-67AD-3D77-8806-888074BC105F}.Release|x64.Build.0 = Release|x64
		{C72B4B68-67AD-3D77-8806-888074BC105F}.MinSizeRel|x64.ActiveCfg = MinSizeRel|x64
		{C72B4B68-67AD-3D77-8806-888074BC105F}.MinSizeRel|x64.Build.0 = MinSizeRel|x64
		{C72B4B68-67AD-3D77-8806-888074BC105F}.RelWithDebInfo|x64.ActiveCfg = RelWithDebInfo|x64
		{C72B4B68-67AD-3D77-8806-888074BC105F}.RelWithDebInfo|x64.Build.0 = RelWithDebInfo|x64
		{761100D4-1CBA-3380-B691-175F4EDBF442}.Debug|x64.ActiveCfg = Debug|x64
		{761100D4-1CBA-3380-B691-175F4EDBF442}.Debug|x64.Build.0 = Debug|x64
		{761100D4-1CBA-3380-B691-175F4EDBF442}.Release|x64.ActiveCfg = Release|x64
		{761100D4-1CBA-3380-B691-175F4EDBF442}.Release|x64.Build.0 = Release|x64
		{761100D4-1CBA-3380-B691-175F4EDBF442}.MinSizeRel|x64.ActiveCfg = MinSizeRel|x64
		{761100D4-1CBA-3380-B691-175F4EDBF442}.MinSizeRel|x64.Build.0 = MinSizeRel|x64
		{761100D4-1CBA-3380-B691-175F4EDBF442}.RelWithDebInfo|x64.ActiveCfg = RelWithDebInfo|x64
		{761100D4-1CBA-3380-B691-175F4EDBF442}.RelWithDebInfo|x64.Build.0 = RelWithDebInfo|x64
		{0CBF9662-A418-31CC-B854-C10EBACEE73E}.Debug|x64.ActiveCfg = Debug|x64
		{0CBF9662-A418-31CC-B854-C10EBACEE73E}.Debug|x64.Build.0 = Debug|x64
		{0CBF9662-A418-31CC-B854-C10EBACEE73E}.Release|x64.ActiveCfg = Release|x64
		{0CBF9662-A418-31CC-B854-C10EBACEE73E}.Release|x64.Build.0 = Release|x64
		{0CBF9662-A418-31CC-B854-C10EBACEE73E}.MinSizeRel|x64.ActiveCfg = MinSizeRel|x64
		{0CBF9662-A418-31CC-B854-C10EBACEE73E}.MinSizeRel|x64.Build.0 = MinSizeRel|x64
		{0CBF9662-A418-31CC-B854-C10EBACEE73E}.RelWithDebInfo|x64.ActiveCfg = RelWithDebInfo|x64
		{0CBF9662-A418-31CC-B854-C10EBACEE73E}.RelWithDebInfo|x64.Build.0 = RelWithDebInfo|x64
		{CCBD1F35-43AD-35B1-909F-32908AE09760}.Debug|x64.ActiveCfg = Debug|x64
		{CCBD1F35-43AD-35B1-909F-32908AE09760}.Debug|x64.Build.0 = Debug|x64
		{CCBD1F35-43AD-35B1-909F-32908AE09760}.Release|x64.ActiveCfg = Release|x64
		{CCBD1F35-43AD-35B1-909F-32908AE09760}.Release|x64.Build.0 = Release|x64
		{CCBD1F35-43AD-35B1-909F-32908AE09760}.MinSizeRel|x64.ActiveCfg = MinSizeRel|x64
		{CCBD1F35-43AD-35B1-909F-32908AE09760}.MinSizeRel|x64.Build.0 = MinSizeRel|x64
		{CCBD1F35-43AD-35B1-909F-32908AE09760}.RelWithDebInfo|x64.ActiveCfg = RelWithDebInfo|x64
		{CCBD1F35-43AD-35B1-909F-32908AE09760}.RelWithDebInfo|x64.Build.0 = RelWithDebInfo|x64
		{978AD475-0308-3DD3-BCCD-5BAF73CC53EE}.Debug|x64.ActiveCfg = Debug|x64
		{978AD475-0308-3DD3-BCCD-5BAF73CC53EE}.Debug|x64.Build.0 = Debug|x64
		{978AD475-0308-3DD3-BCCD-5BAF73CC53EE}.Release|x64.ActiveCfg = Release|x64
		{978AD475-0308-3DD3-BCCD-5BAF73CC53EE}.Release|x64.Build.0 = Release|x64
		{978AD475-0308-3DD3-BCCD-5BAF73CC53EE}.MinSizeRel|x64.ActiveCfg = MinSizeRel|x64
		{978AD475-0308-3DD3-BCCD-5BAF73CC53EE}.MinSizeRel|x64.Build.0 = MinSizeRel|x64
		{978AD475-0308-3DD3-BCCD-5BAF73CC53EE}.RelWithDebInfo|x64.ActiveCfg = RelWithDebInfo|x64
		{978AD475-0308-3DD3-BCCD-5BAF73CC53EE}.RelWithDebInfo|x64.Build.0 = RelWithDebInfo|x64
		{C0E78B0A-6F8A-35A8-A8A6-5FC36EE0DF31}.Debug|x64.ActiveCfg = Debug|x64
		{C0E78B0A-6F8A-35A8-A8A6-5FC36EE0DF31}.Debug|x64.Build.0 = Debug|x64
		{C0E78B0A-6F8A-35A8-A8A6-5FC36EE0DF31}.Release|x64.ActiveCfg = Release|x64
		{C0E78B0A-6F8A-35A8-A8A6-5FC36EE0DF31}.Release|x64.Build.0 = Release|x64
		{C0E78B0A-6F8A-35A8-A8A6-5FC36EE0DF31}.MinSizeRel|x64.ActiveCfg = MinSizeRel|x64
		{C0E78B0A-6F8A-35A8-A8A6-5FC36EE0DF31}.MinSizeRel|x64.Build.0 = MinSizeRel|x64
		{C0E78B0A-6F8A-35A8-A8A6-5FC36EE0DF31}.RelWithDebInfo|x64.ActiveCfg = RelWithDebInfo|x64
		{C0E78B0A-6F8A-35A8-A8A6-5FC36EE0DF31}.RelWithDebInfo|x64.Build.0 = RelWithDebInfo|x64
		{3AD879B5-25B0-3AA1-858C-D728494F8FE3}.Debug|x64.ActiveCfg = Debug|x64
		{3AD879B5-25B0-3AA1-858C-D728494F8FE3}.Debug|x64.Build.0 = Debug|x64
		{3AD879B5-25B0-3AA1-858C-D728494F8FE3}.Release|x64.ActiveCfg = Release|x64
		{3AD879B5-25B0-3AA1-858C-D728494F8FE3}.Release|x64.Build.0 = Release|x64
		{3AD879B5-25B0-3AA1-858C-D728494F8FE3}.MinSizeRel|x64.ActiveCfg = MinSizeRel|x64
		{3AD879B5-25B0-3AA1-858C-D728494F8FE3}.MinSizeRel|x64.Build.0 = MinSizeRel|x64
		{3AD879B5-25B0-3AA1-858C-D728494F8FE3}.RelWithDebInfo|x64.ActiveCfg = RelWithDebInfo|x64
		{3AD879B5-25B0-3AA1-858C-D728494F8FE3}.RelWithDebInfo|x64.Build.0 = RelWithDebInfo|x64
	EndGlobalSection
	GlobalSection(ExtensibilityGlobals) = postSolution
		SolutionGuid = {358EE492-4684-358D-85BA-6FBF9E0A9160}
	EndGlobalSection
	GlobalSection(ExtensibilityAddIns) = postSolution
	EndGlobalSection
EndGlobal
