
Microsoft Visual Studio Solution File, Format Version 12.00
# Visual Studio Version 17
Project("{8BC9CEB8-8B4A-11D0-8D11-00A0C91BC942}") = "ALL_BUILD", "ALL_BUILD.vcxproj", "{02482C7B-50FE-3351-A36C-7FD32857DBA2}"
	ProjectSection(ProjectDependencies) = postProject
		{BD613C07-0B6C-3E58-A4B2-A0CFC9D44882} = {BD613C07-0B6C-3E58-A4B2-A0CFC9D44882}
		{31328BE7-DD39-38C0-963A-C13B9080B02C} = {31328BE7-DD39-38C0-963A-C13B9080B02C}
		{FE8D8222-A6AA-3437-A629-4940C2760556} = {FE8D8222-A6AA-3437-A629-4940C2760556}
		{1C360EA2-0633-3EFB-9134-BD4A3B8587F5} = {1C360EA2-0633-3EFB-9134-BD4A3B8587F5}
		{566435F5-1817-3CC3-BDE7-A9701F7F96D1} = {566435F5-1817-3CC3-BDE7-A9701F7F96D1}
		{B16C1FCD-F406-3008-9388-ADAD9E35D4AF} = {B16C1FCD-F406-3008-9388-ADAD9E35D4AF}
		{40EB8A0D-B475-3F87-8550-58F3DBDF1339} = {40EB8A0D-B475-3F87-8550-58F3DBDF1339}
		{8ED01D71-0AC2-3A9B-A15E-95928A5C5CE1} = {8ED01D71-0AC2-3A9B-A15E-95928A5C5CE1}
		{037AC598-03E6-3B5D-A7E6-420AA31E3509} = {037AC598-03E6-3B5D-A7E6-420AA31E3509}
		{55A96343-7CB8-3698-90E2-341A46C67DD3} = {55A96343-7CB8-3698-90E2-341A46C67DD3}
		{665DE589-E1F5-388B-9F98-B6AB79147C76} = {665DE589-E1F5-388B-9F98-B6AB79147C76}
	EndProjectSection
EndProject
Project("{8BC9CEB8-8B4A-11D0-8D11-00A0C91BC942}") = "ZERO_CHECK", "ZERO_CHECK.vcxproj", "{BD613C07-0B6C-3E58-A4B2-A0CFC9D44882}"
	ProjectSection(ProjectDependencies) = postProject
	EndProjectSection
EndProject
Project("{8BC9CEB8-8B4A-11D0-8D11-00A0C91BC942}") = "core_engine", "core_engine.vcxproj", "{31328BE7-DD39-38C0-963A-C13B9080B02C}"
	ProjectSection(ProjectDependencies) = postProject
		{BD613C07-0B6C-3E58-A4B2-A0CFC9D44882} = {BD613C07-0B6C-3E58-A4B2-A0CFC9D44882}
	EndProjectSection
EndProject
Project("{8BC9CEB8-8B4A-11D0-8D11-00A0C91BC942}") = "final_wav_player", "final_wav_player.vcxproj", "{FE8D8222-A6AA-3437-A629-4940C2760556}"
	ProjectSection(ProjectDependencies) = postProject
		{BD613C07-0B6C-3E58-A4B2-A0CFC9D44882} = {BD613C07-0B6C-3E58-A4B2-A0CFC9D44882}
	EndProjectSection
EndProject
Project("{8BC9CEB8-8B4A-11D0-8D11-00A0C91BC942}") = "music-player", "music-player.vcxproj", "{1C360EA2-0633-3EFB-9134-BD4A3B8587F5}"
	ProjectSection(ProjectDependencies) = postProject
		{BD613C07-0B6C-3E58-A4B2-A0CFC9D44882} = {BD613C07-0B6C-3E58-A4B2-A0CFC9D44882}
		{31328BE7-DD39-38C0-963A-C13B9080B02C} = {31328BE7-DD39-38C0-963A-C13B9080B02C}
		{566435F5-1817-3CC3-BDE7-A9701F7F96D1} = {566435F5-1817-3CC3-BDE7-A9701F7F96D1}
		{037AC598-03E6-3B5D-A7E6-420AA31E3509} = {037AC598-03E6-3B5D-A7E6-420AA31E3509}
	EndProjectSection
EndProject
Project("{8BC9CEB8-8B4A-11D0-8D11-00A0C91BC942}") = "platform_abstraction", "platform_abstraction.vcxproj", "{566435F5-1817-3CC3-BDE7-A9701F7F96D1}"
	ProjectSection(ProjectDependencies) = postProject
		{BD613C07-0B6C-3E58-A4B2-A0CFC9D44882} = {BD613C07-0B6C-3E58-A4B2-A0CFC9D44882}
	EndProjectSection
EndProject
Project("{8BC9CEB8-8B4A-11D0-8D11-00A0C91BC942}") = "plugin_flac_decoder", "plugin_flac_decoder.vcxproj", "{B16C1FCD-F406-3008-9388-ADAD9E35D4AF}"
	ProjectSection(ProjectDependencies) = postProject
		{BD613C07-0B6C-3E58-A4B2-A0CFC9D44882} = {BD613C07-0B6C-3E58-A4B2-A0CFC9D44882}
	EndProjectSection
EndProject
Project("{8BC9CEB8-8B4A-11D0-8D11-00A0C91BC942}") = "plugin_mp3_decoder", "plugin_mp3_decoder.vcxproj", "{40EB8A0D-B475-3F87-8550-58F3DBDF1339}"
	ProjectSection(ProjectDependencies) = postProject
		{BD613C07-0B6C-3E58-A4B2-A0CFC9D44882} = {BD613C07-0B6C-3E58-A4B2-A0CFC9D44882}
	EndProjectSection
EndProject
Project("{8BC9CEB8-8B4A-11D0-8D11-00A0C91BC942}") = "plugin_wav_decoder", "plugin_wav_decoder.vcxproj", "{8ED01D71-0AC2-3A9B-A15E-95928A5C5CE1}"
	ProjectSection(ProjectDependencies) = postProject
		{BD613C07-0B6C-3E58-A4B2-A0CFC9D44882} = {BD613C07-0B6C-3E58-A4B2-A0CFC9D44882}
	EndProjectSection
EndProject
Project("{8BC9CEB8-8B4A-11D0-8D11-00A0C91BC942}") = "sdk_impl", "sdk_impl.vcxproj", "{037AC598-03E6-3B5D-A7E6-420AA31E3509}"
	ProjectSection(ProjectDependencies) = postProject
		{BD613C07-0B6C-3E58-A4B2-A0CFC9D44882} = {BD613C07-0B6C-3E58-A4B2-A0CFC9D44882}
	EndProjectSection
EndProject
Project("{8BC9CEB8-8B4A-11D0-8D11-00A0C91BC942}") = "test_audio_direct", "test_audio_direct.vcxproj", "{55A96343-7CB8-3698-90E2-341A46C67DD3}"
	ProjectSection(ProjectDependencies) = postProject
		{BD613C07-0B6C-3E58-A4B2-A0CFC9D44882} = {BD613C07-0B6C-3E58-A4B2-A0CFC9D44882}
		{566435F5-1817-3CC3-BDE7-A9701F7F96D1} = {566435F5-1817-3CC3-BDE7-A9701F7F96D1}
	EndProjectSection
EndProject
Project("{8BC9CEB8-8B4A-11D0-8D11-00A0C91BC942}") = "test_cross_platform", "test_cross_platform.vcxproj", "{665DE589-E1F5-388B-9F98-B6AB79147C76}"
	ProjectSection(ProjectDependencies) = postProject
		{BD613C07-0B6C-3E58-A4B2-A0CFC9D44882} = {BD613C07-0B6C-3E58-A4B2-A0CFC9D44882}
	EndProjectSection
EndProject
Global
	GlobalSection(SolutionConfigurationPlatforms) = preSolution
		Debug|x64 = Debug|x64
		Release|x64 = Release|x64
		MinSizeRel|x64 = MinSizeRel|x64
		RelWithDebInfo|x64 = RelWithDebInfo|x64
	EndGlobalSection
	GlobalSection(ProjectConfigurationPlatforms) = postSolution
		{02482C7B-50FE-3351-A36C-7FD32857DBA2}.Debug|x64.ActiveCfg = Debug|x64
		{02482C7B-50FE-3351-A36C-7FD32857DBA2}.Release|x64.ActiveCfg = Release|x64
		{02482C7B-50FE-3351-A36C-7FD32857DBA2}.MinSizeRel|x64.ActiveCfg = MinSizeRel|x64
		{02482C7B-50FE-3351-A36C-7FD32857DBA2}.RelWithDebInfo|x64.ActiveCfg = RelWithDebInfo|x64
		{BD613C07-0B6C-3E58-A4B2-A0CFC9D44882}.Debug|x64.ActiveCfg = Debug|x64
		{BD613C07-0B6C-3E58-A4B2-A0CFC9D44882}.Debug|x64.Build.0 = Debug|x64
		{BD613C07-0B6C-3E58-A4B2-A0CFC9D44882}.Release|x64.ActiveCfg = Release|x64
		{BD613C07-0B6C-3E58-A4B2-A0CFC9D44882}.Release|x64.Build.0 = Release|x64
		{BD613C07-0B6C-3E58-A4B2-A0CFC9D44882}.MinSizeRel|x64.ActiveCfg = MinSizeRel|x64
		{BD613C07-0B6C-3E58-A4B2-A0CFC9D44882}.MinSizeRel|x64.Build.0 = MinSizeRel|x64
		{BD613C07-0B6C-3E58-A4B2-A0CFC9D44882}.RelWithDebInfo|x64.ActiveCfg = RelWithDebInfo|x64
		{BD613C07-0B6C-3E58-A4B2-A0CFC9D44882}.RelWithDebInfo|x64.Build.0 = RelWithDebInfo|x64
		{31328BE7-DD39-38C0-963A-C13B9080B02C}.Debug|x64.ActiveCfg = Debug|x64
		{31328BE7-DD39-38C0-963A-C13B9080B02C}.Debug|x64.Build.0 = Debug|x64
		{31328BE7-DD39-38C0-963A-C13B9080B02C}.Release|x64.ActiveCfg = Release|x64
		{31328BE7-DD39-38C0-963A-C13B9080B02C}.Release|x64.Build.0 = Release|x64
		{31328BE7-DD39-38C0-963A-C13B9080B02C}.MinSizeRel|x64.ActiveCfg = MinSizeRel|x64
		{31328BE7-DD39-38C0-963A-C13B9080B02C}.MinSizeRel|x64.Build.0 = MinSizeRel|x64
		{31328BE7-DD39-38C0-963A-C13B9080B02C}.RelWithDebInfo|x64.ActiveCfg = RelWithDebInfo|x64
		{31328BE7-DD39-38C0-963A-C13B9080B02C}.RelWithDebInfo|x64.Build.0 = RelWithDebInfo|x64
		{FE8D8222-A6AA-3437-A629-4940C2760556}.Debug|x64.ActiveCfg = Debug|x64
		{FE8D8222-A6AA-3437-A629-4940C2760556}.Debug|x64.Build.0 = Debug|x64
		{FE8D8222-A6AA-3437-A629-4940C2760556}.Release|x64.ActiveCfg = Release|x64
		{FE8D8222-A6AA-3437-A629-4940C2760556}.Release|x64.Build.0 = Release|x64
		{FE8D8222-A6AA-3437-A629-4940C2760556}.MinSizeRel|x64.ActiveCfg = MinSizeRel|x64
		{FE8D8222-A6AA-3437-A629-4940C2760556}.MinSizeRel|x64.Build.0 = MinSizeRel|x64
		{FE8D8222-A6AA-3437-A629-4940C2760556}.RelWithDebInfo|x64.ActiveCfg = RelWithDebInfo|x64
		{FE8D8222-A6AA-3437-A629-4940C2760556}.RelWithDebInfo|x64.Build.0 = RelWithDebInfo|x64
		{1C360EA2-0633-3EFB-9134-BD4A3B8587F5}.Debug|x64.ActiveCfg = Debug|x64
		{1C360EA2-0633-3EFB-9134-BD4A3B8587F5}.Debug|x64.Build.0 = Debug|x64
		{1C360EA2-0633-3EFB-9134-BD4A3B8587F5}.Release|x64.ActiveCfg = Release|x64
		{1C360EA2-0633-3EFB-9134-BD4A3B8587F5}.Release|x64.Build.0 = Release|x64
		{1C360EA2-0633-3EFB-9134-BD4A3B8587F5}.MinSizeRel|x64.ActiveCfg = MinSizeRel|x64
		{1C360EA2-0633-3EFB-9134-BD4A3B8587F5}.MinSizeRel|x64.Build.0 = MinSizeRel|x64
		{1C360EA2-0633-3EFB-9134-BD4A3B8587F5}.RelWithDebInfo|x64.ActiveCfg = RelWithDebInfo|x64
		{1C360EA2-0633-3EFB-9134-BD4A3B8587F5}.RelWithDebInfo|x64.Build.0 = RelWithDebInfo|x64
		{566435F5-1817-3CC3-BDE7-A9701F7F96D1}.Debug|x64.ActiveCfg = Debug|x64
		{566435F5-1817-3CC3-BDE7-A9701F7F96D1}.Debug|x64.Build.0 = Debug|x64
		{566435F5-1817-3CC3-BDE7-A9701F7F96D1}.Release|x64.ActiveCfg = Release|x64
		{566435F5-1817-3CC3-BDE7-A9701F7F96D1}.Release|x64.Build.0 = Release|x64
		{566435F5-1817-3CC3-BDE7-A9701F7F96D1}.MinSizeRel|x64.ActiveCfg = MinSizeRel|x64
		{566435F5-1817-3CC3-BDE7-A9701F7F96D1}.MinSizeRel|x64.Build.0 = MinSizeRel|x64
		{566435F5-1817-3CC3-BDE7-A9701F7F96D1}.RelWithDebInfo|x64.ActiveCfg = RelWithDebInfo|x64
		{566435F5-1817-3CC3-BDE7-A9701F7F96D1}.RelWithDebInfo|x64.Build.0 = RelWithDebInfo|x64
		{B16C1FCD-F406-3008-9388-ADAD9E35D4AF}.Debug|x64.ActiveCfg = Debug|x64
		{B16C1FCD-F406-3008-9388-ADAD9E35D4AF}.Debug|x64.Build.0 = Debug|x64
		{B16C1FCD-F406-3008-9388-ADAD9E35D4AF}.Release|x64.ActiveCfg = Release|x64
		{B16C1FCD-F406-3008-9388-ADAD9E35D4AF}.Release|x64.Build.0 = Release|x64
		{B16C1FCD-F406-3008-9388-ADAD9E35D4AF}.MinSizeRel|x64.ActiveCfg = MinSizeRel|x64
		{B16C1FCD-F406-3008-9388-ADAD9E35D4AF}.MinSizeRel|x64.Build.0 = MinSizeRel|x64
		{B16C1FCD-F406-3008-9388-ADAD9E35D4AF}.RelWithDebInfo|x64.ActiveCfg = RelWithDebInfo|x64
		{B16C1FCD-F406-3008-9388-ADAD9E35D4AF}.RelWithDebInfo|x64.Build.0 = RelWithDebInfo|x64
		{40EB8A0D-B475-3F87-8550-58F3DBDF1339}.Debug|x64.ActiveCfg = Debug|x64
		{40EB8A0D-B475-3F87-8550-58F3DBDF1339}.Debug|x64.Build.0 = Debug|x64
		{40EB8A0D-B475-3F87-8550-58F3DBDF1339}.Release|x64.ActiveCfg = Release|x64
		{40EB8A0D-B475-3F87-8550-58F3DBDF1339}.Release|x64.Build.0 = Release|x64
		{40EB8A0D-B475-3F87-8550-58F3DBDF1339}.MinSizeRel|x64.ActiveCfg = MinSizeRel|x64
		{40EB8A0D-B475-3F87-8550-58F3DBDF1339}.MinSizeRel|x64.Build.0 = MinSizeRel|x64
		{40EB8A0D-B475-3F87-8550-58F3DBDF1339}.RelWithDebInfo|x64.ActiveCfg = RelWithDebInfo|x64
		{40EB8A0D-B475-3F87-8550-58F3DBDF1339}.RelWithDebInfo|x64.Build.0 = RelWithDebInfo|x64
		{8ED01D71-0AC2-3A9B-A15E-95928A5C5CE1}.Debug|x64.ActiveCfg = Debug|x64
		{8ED01D71-0AC2-3A9B-A15E-95928A5C5CE1}.Debug|x64.Build.0 = Debug|x64
		{8ED01D71-0AC2-3A9B-A15E-95928A5C5CE1}.Release|x64.ActiveCfg = Release|x64
		{8ED01D71-0AC2-3A9B-A15E-95928A5C5CE1}.Release|x64.Build.0 = Release|x64
		{8ED01D71-0AC2-3A9B-A15E-95928A5C5CE1}.MinSizeRel|x64.ActiveCfg = MinSizeRel|x64
		{8ED01D71-0AC2-3A9B-A15E-95928A5C5CE1}.MinSizeRel|x64.Build.0 = MinSizeRel|x64
		{8ED01D71-0AC2-3A9B-A15E-95928A5C5CE1}.RelWithDebInfo|x64.ActiveCfg = RelWithDebInfo|x64
		{8ED01D71-0AC2-3A9B-A15E-95928A5C5CE1}.RelWithDebInfo|x64.Build.0 = RelWithDebInfo|x64
		{037AC598-03E6-3B5D-A7E6-420AA31E3509}.Debug|x64.ActiveCfg = Debug|x64
		{037AC598-03E6-3B5D-A7E6-420AA31E3509}.Debug|x64.Build.0 = Debug|x64
		{037AC598-03E6-3B5D-A7E6-420AA31E3509}.Release|x64.ActiveCfg = Release|x64
		{037AC598-03E6-3B5D-A7E6-420AA31E3509}.Release|x64.Build.0 = Release|x64
		{037AC598-03E6-3B5D-A7E6-420AA31E3509}.MinSizeRel|x64.ActiveCfg = MinSizeRel|x64
		{037AC598-03E6-3B5D-A7E6-420AA31E3509}.MinSizeRel|x64.Build.0 = MinSizeRel|x64
		{037AC598-03E6-3B5D-A7E6-420AA31E3509}.RelWithDebInfo|x64.ActiveCfg = RelWithDebInfo|x64
		{037AC598-03E6-3B5D-A7E6-420AA31E3509}.RelWithDebInfo|x64.Build.0 = RelWithDebInfo|x64
		{55A96343-7CB8-3698-90E2-341A46C67DD3}.Debug|x64.ActiveCfg = Debug|x64
		{55A96343-7CB8-3698-90E2-341A46C67DD3}.Debug|x64.Build.0 = Debug|x64
		{55A96343-7CB8-3698-90E2-341A46C67DD3}.Release|x64.ActiveCfg = Release|x64
		{55A96343-7CB8-3698-90E2-341A46C67DD3}.Release|x64.Build.0 = Release|x64
		{55A96343-7CB8-3698-90E2-341A46C67DD3}.MinSizeRel|x64.ActiveCfg = MinSizeRel|x64
		{55A96343-7CB8-3698-90E2-341A46C67DD3}.MinSizeRel|x64.Build.0 = MinSizeRel|x64
		{55A96343-7CB8-3698-90E2-341A46C67DD3}.RelWithDebInfo|x64.ActiveCfg = RelWithDebInfo|x64
		{55A96343-7CB8-3698-90E2-341A46C67DD3}.RelWithDebInfo|x64.Build.0 = RelWithDebInfo|x64
		{665DE589-E1F5-388B-9F98-B6AB79147C76}.Debug|x64.ActiveCfg = Debug|x64
		{665DE589-E1F5-388B-9F98-B6AB79147C76}.Debug|x64.Build.0 = Debug|x64
		{665DE589-E1F5-388B-9F98-B6AB79147C76}.Release|x64.ActiveCfg = Release|x64
		{665DE589-E1F5-388B-9F98-B6AB79147C76}.Release|x64.Build.0 = Release|x64
		{665DE589-E1F5-388B-9F98-B6AB79147C76}.MinSizeRel|x64.ActiveCfg = MinSizeRel|x64
		{665DE589-E1F5-388B-9F98-B6AB79147C76}.MinSizeRel|x64.Build.0 = MinSizeRel|x64
		{665DE589-E1F5-388B-9F98-B6AB79147C76}.RelWithDebInfo|x64.ActiveCfg = RelWithDebInfo|x64
		{665DE589-E1F5-388B-9F98-B6AB79147C76}.RelWithDebInfo|x64.Build.0 = RelWithDebInfo|x64
	EndGlobalSection
	GlobalSection(ExtensibilityGlobals) = postSolution
		SolutionGuid = {977CC6DA-DFFA-3FD3-AD27-E9395952C545}
	EndGlobalSection
	GlobalSection(ExtensibilityAddIns) = postSolution
	EndGlobalSection
EndGlobal
